
Microsoft Visual Studio Solution File, Format Version 12.00
# Visual Studio Version 17
VisualStudioVersion = 17.6.33815.320
MinimumVisualStudioVersion = 10.0.40219.1
Project("{FAE04EC0-301F-11D3-BF4B-00C04F79EFBC}") = "SlamCodeBlog.DotNetDITips", "SlamCodeBlog.DotNetDITips\SlamCodeBlog.DotNetDITips.csproj", "{CADD0CCC-C58D-4B0C-B321-F443E61E44AE}"
EndProject
Global
	GlobalSection(SolutionConfigurationPlatforms) = preSolution
		Debug|Any CPU = Debug|Any CPU
		Release|Any CPU = Release|Any CPU
	EndGlobalSection
	GlobalSection(ProjectConfigurationPlatforms) = postSolution
		{CADD0CCC-C58D-4B0C-B321-F443E61E44AE}.Debug|Any CPU.ActiveCfg = Debug|Any CPU
		{CADD0CCC-C58D-4B0C-B321-F443E61E44AE}.Debug|Any CPU.Build.0 = Debug|Any CPU
		{CADD0CCC-C58D-4B0C-B321-F443E61E44AE}.Release|Any CPU.ActiveCfg = Release|Any CPU
		{CADD0CCC-C58D-4B0C-B321-F443E61E44AE}.Release|Any CPU.Build.0 = Release|Any CPU
	EndGlobalSection
	GlobalSection(SolutionProperties) = preSolution
		HideSolutionNode = FALSE
	EndGlobalSection
	GlobalSection(ExtensibilityGlobals) = postSolution
		SolutionGuid = {ED5C4925-005A-4617-9297-8BCEAB70854E}
	EndGlobalSection
EndGlobal
